<Solution>
  <Folder Name="/src/">
    <Project Path="src/ProcureFlow.API/ProcureFlow.API.csproj" />
    <Project Path="src/ProcureFlow.Application/ProcureFlow.Application.csproj" />
    <Project Path="src/ProcureFlow.Domain/ProcureFlow.Domain.csproj" />
    <Project Path="src/ProcureFlow.Infrastructure/ProcureFlow.Infrastructure.csproj" />
    <Project Path="src/ProcureFlow.Shared/ProcureFlow.Shared.csproj" />
  </Folder>
  <Folder Name="/tests/">
    <Project Path="tests/ProcureFlow.Domain.Tests/ProcureFlow.Domain.Tests.csproj" Id="9a24803f-24e5-4db7-8025-8e23288e4a7a" />
  </Folder>
</Solution>
